<?xml version="1.0" encoding="utf-8"?>
<Project ToolsVersion="4.0" xmlns="http://schemas.microsoft.com/developer/msbuild/2003">
  <ItemGroup>
    <Filter Include="00.MainApp">
      <UniqueIdentifier>{cc3f8290-d31c-4496-bd3d-335e0c624aba}</UniqueIdentifier>
    </Filter>
    <Filter Include="21.World">
      <UniqueIdentifier>{b90dc1cb-774d-4bd5-82aa-9099aa3b6ecd}</UniqueIdentifier>
    </Filter>
    <Filter Include="90.Engine">
      <UniqueIdentifier>{35a7a691-c595-41df-a5eb-8baf2d3f9f28}</UniqueIdentifier>
    </Filter>
    <Filter Include="90.Engine\00.System">
      <UniqueIdentifier>{cc9c8cb8-661f-421a-9129-273a5dd3d436}</UniqueIdentifier>
    </Filter>
    <Filter Include="90.Engine\00.System\00.GraphicDevice">
      <UniqueIdentifier>{63f07226-6808-4bf0-8f85-97171c2302ed}</UniqueIdentifier>
    </Filter>
    <Filter Include="90.Engine\98.Headers">
      <UniqueIdentifier>{45d142de-2bc4-411c-8ad4-881a583128d3}</UniqueIdentifier>
    </Filter>
    <Filter Include="90.Engine\97.SuperClass">
      <UniqueIdentifier>{f2f6b08c-2037-4dd9-8830-d934718428d3}</UniqueIdentifier>
    </Filter>
    <Filter Include="90.Engine\97.SuperClass\00.Base">
      <UniqueIdentifier>{e1beb463-5cb7-4dbf-8cdc-8009f1b4fc73}</UniqueIdentifier>
    </Filter>
    <Filter Include="90.Engine\01.Core">
      <UniqueIdentifier>{85bf7dce-445d-48d2-978b-c557eed0137c}</UniqueIdentifier>
    </Filter>
    <Filter Include="90.Engine\01.Core\00.World">
      <UniqueIdentifier>{38c31f80-8da7-463c-8cc9-1d7ec4c9b5c9}</UniqueIdentifier>
    </Filter>
    <Filter Include="21.World\00.OOD">
      <UniqueIdentifier>{3c5a4a5d-5e70-4e7c-9167-d9b7b13f3e23}</UniqueIdentifier>
    </Filter>
    <Filter Include="21.World\01.DOD">
      <UniqueIdentifier>{e9b77212-737f-408d-a829-79f2f4b5da12}</UniqueIdentifier>
    </Filter>
    <Filter Include="90.Engine\01.Core\10.PipeLine">
      <UniqueIdentifier>{65dac24b-58bf-4fb9-9d52-8423ef1a25f7}</UniqueIdentifier>
    </Filter>
    <Filter Include="External">
      <UniqueIdentifier>{504394de-501f-44f6-8d42-d1da41fd4636}</UniqueIdentifier>
    </Filter>
    <Filter Include="External\00.DearImgui">
      <UniqueIdentifier>{883e0a26-e0a7-4fe2-b59c-5048e1d5298e}</UniqueIdentifier>
    </Filter>
    <Filter Include="External\01.easy_profiler">
      <UniqueIdentifier>{734e477c-bd59-4a02-af13-bc5d8aa134de}</UniqueIdentifier>
    </Filter>
    <Filter Include="23.Object">
      <UniqueIdentifier>{e2cfb538-f589-41cf-a957-866b504b6b11}</UniqueIdentifier>
    </Filter>
    <Filter Include="23.Object\00.OOD">
      <UniqueIdentifier>{f305b899-2507-44dc-a1da-82457d47f4c1}</UniqueIdentifier>
    </Filter>
    <Filter Include="23.Object\00.OOD\00.GameObject">
      <UniqueIdentifier>{6bcb25c2-982f-4959-900b-bc36347a0b5c}</UniqueIdentifier>
    </Filter>
    <Filter Include="24.Component">
      <UniqueIdentifier>{e13fd6a3-d7d4-4cb9-84e6-5a24e09e24b7}</UniqueIdentifier>
    </Filter>
    <Filter Include="24.Component\00.OOD">
      <UniqueIdentifier>{18a30dec-c693-4fd4-88b9-58e65384db01}</UniqueIdentifier>
    </Filter>
    <Filter Include="24.Component\00.OOD\00.Transform">
      <UniqueIdentifier>{4813ae59-d619-40c5-b387-4f81ae85bfb2}</UniqueIdentifier>
    </Filter>
    <Filter Include="24.Component\00.OOD\Manager">
      <UniqueIdentifier>{a8f0da47-c72c-4461-9733-e2194ace3431}</UniqueIdentifier>
    </Filter>
    <Filter Include="External\01.easy_profiler\details">
      <UniqueIdentifier>{083a4173-24ea-43df-a85c-948fb17f44f9}</UniqueIdentifier>
    </Filter>
    <Filter Include="23.Object\00.OOD\00.GameObject\01.Bot">
      <UniqueIdentifier>{9ca4b913-aa96-4393-a03c-b330d7959bb1}</UniqueIdentifier>
    </Filter>
    <Filter Include="23.Object\00.OOD\00.GameObject\00.Player">
      <UniqueIdentifier>{27eecf0d-2792-4f8a-8c15-de920c307995}</UniqueIdentifier>
    </Filter>
    <Filter Include="30.ModeController">
      <UniqueIdentifier>{64e20785-115a-41c3-8327-93ada3dff4bf}</UniqueIdentifier>
    </Filter>
    <Filter Include="99.Default">
      <UniqueIdentifier>{d9a5f806-24c1-4792-bd7e-156e461f0101}</UniqueIdentifier>
    </Filter>
    <Filter Include="99.Default\리소스 파일">
      <UniqueIdentifier>{67DA6AB6-F800-4c08-8B7A-83BB121AAD01}</UniqueIdentifier>
      <Extensions>rc;ico;cur;bmp;dlg;rc2;rct;bin;rgs;gif;jpg;jpeg;jpe;resx;tiff;tif;png;wav;mfcribbon-ms</Extensions>
    </Filter>
    <Filter Include="97.Shader">
      <UniqueIdentifier>{f95271ab-3778-402c-824e-204916060362}</UniqueIdentifier>
    </Filter>
    <Filter Include="98.Headers">
      <UniqueIdentifier>{3bdd3f4c-8edf-4ad0-8fc1-f9e9507ee4c7}</UniqueIdentifier>
    </Filter>
    <Filter Include="24.Component\00.OOD\02.DynamicMesh">
      <UniqueIdentifier>{f0948765-b713-408f-a41d-4f780fee116b}</UniqueIdentifier>
    </Filter>
    <Filter Include="24.Component\00.OOD\02.DynamicMesh\00.HierarchyLoader">
      <UniqueIdentifier>{5c0b7b00-4815-4aa9-8075-a4a64f58dd84}</UniqueIdentifier>
    </Filter>
    <Filter Include="24.Component\00.OOD\02.DynamicMesh\01.AnimationCtrl">
      <UniqueIdentifier>{847cec0a-8c7e-41c1-8bce-804a614f602b}</UniqueIdentifier>
    </Filter>
    <Filter Include="24.Component\00.OOD\03.Renderer">
      <UniqueIdentifier>{f6b149c6-198f-41bb-98cb-0787b11d20d2}</UniqueIdentifier>
    </Filter>
    <Filter Include="24.Component\00.OOD\04.Shader">
      <UniqueIdentifier>{83f1750b-f00b-4c52-b122-70b72bbd0f38}</UniqueIdentifier>
    </Filter>
    <Filter Include="24.Component\00.OOD\01.StaticMesh">
      <UniqueIdentifier>{5f21c9b6-1e43-4c72-89e6-522c39c9e3d2}</UniqueIdentifier>
    </Filter>
    <Filter Include="23.Object\00.OOD\00.GameObject\02.BlockObj">
      <UniqueIdentifier>{f9b9ff29-5319-4833-9322-77e81f89b581}</UniqueIdentifier>
    </Filter>
    <Filter Include="30.ModeController\Mode">
      <UniqueIdentifier>{dc79c9f1-b549-4a42-8c04-62651ca98df4}</UniqueIdentifier>
    </Filter>
    <Filter Include="30.ModeController\Mode\01. CreativeMode">
      <UniqueIdentifier>{399cff84-4ae7-4653-ba77-507ff338bdcb}</UniqueIdentifier>
    </Filter>
    <Filter Include="30.ModeController\Mode\00. GameMode">
      <UniqueIdentifier>{73c1b7bb-e4a5-4078-8885-c7c7042cfce2}</UniqueIdentifier>
    </Filter>
    <Filter Include="31.CameraController">
      <UniqueIdentifier>{7d0b39e8-2348-427b-9f69-ef000ac7f9c1}</UniqueIdentifier>
    </Filter>
    <Filter Include="31.CameraController\Camera">
      <UniqueIdentifier>{de4b08c6-118e-433e-b5f6-e072fbbaec79}</UniqueIdentifier>
    </Filter>
    <Filter Include="31.CameraController\Camera\00.FreeCamera">
      <UniqueIdentifier>{19e9e938-9b13-47f7-bb0f-9de3291a4448}</UniqueIdentifier>
    </Filter>
    <Filter Include="90.Engine\00.System\02.Timer">
      <UniqueIdentifier>{28b6c3fc-fe95-4d7f-a982-6ccc65df58cb}</UniqueIdentifier>
    </Filter>
    <Filter Include="90.Engine\00.System\02.Timer\Manager">
      <UniqueIdentifier>{7bb7696c-c430-4690-afef-66e36355903c}</UniqueIdentifier>
    </Filter>
    <Filter Include="90.Engine\00.System\03.Frame">
      <UniqueIdentifier>{abf4ecad-0615-4ad9-9a99-8011aa2ac85b}</UniqueIdentifier>
    </Filter>
    <Filter Include="90.Engine\00.System\03.Frame\Manager">
      <UniqueIdentifier>{a0d04db1-6e4e-4c38-a56d-5483d1b20d2a}</UniqueIdentifier>
    </Filter>
    <Filter Include="90.Engine\00.System\01.InputDevice">
      <UniqueIdentifier>{e625be18-161f-4bef-9c44-b76c41fe3963}</UniqueIdentifier>
    </Filter>
    <Filter Include="32.KeyManager">
      <UniqueIdentifier>{3274a6e4-b50b-42f8-a60d-4b31f5284fca}</UniqueIdentifier>
    </Filter>
    <Filter Include="25.NaviMesh">
      <UniqueIdentifier>{987fbab4-84b4-4ff9-b465-e90aa4edf500}</UniqueIdentifier>
    </Filter>
    <Filter Include="25.NaviMesh\00.NaviLine">
      <UniqueIdentifier>{5fca077e-4867-4561-a7ce-63ccfa63a772}</UniqueIdentifier>
    </Filter>
    <Filter Include="25.NaviMesh\01.NaviCell">
      <UniqueIdentifier>{bde7cc8f-f544-4bfc-afe4-58bce6e68e13}</UniqueIdentifier>
    </Filter>
  </ItemGroup>
  <ItemGroup>
    <Image Include="Client.ico">
      <Filter>99.Default\리소스 파일</Filter>
    </Image>
    <Image Include="small.ico">
      <Filter>99.Default\리소스 파일</Filter>
    </Image>
  </ItemGroup>
  <ItemGroup>
    <ResourceCompile Include="Client.rc">
      <Filter>99.Default\리소스 파일</Filter>
    </ResourceCompile>
  </ItemGroup>
  <ItemGroup>
    <ClCompile Include="stdafx.cpp">
      <Filter>99.Default</Filter>
    </ClCompile>
    <ClCompile Include="Client.cpp">
      <Filter>99.Default</Filter>
    </ClCompile>
    <ClCompile Include="..\Codes\Base.cpp">
      <Filter>90.Engine\97.SuperClass\00.Base</Filter>
    </ClCompile>
    <ClCompile Include="..\Codes\MainApp.cpp">
      <Filter>00.MainApp</Filter>
    </ClCompile>
    <ClCompile Include="..\Codes\GraphicDevice.cpp">
      <Filter>90.Engine\00.System\00.GraphicDevice</Filter>
    </ClCompile>
    <ClCompile Include="..\Codes\SystemManager.cpp">
      <Filter>90.Engine\00.System</Filter>
    </ClCompile>
    <ClCompile Include="..\Codes\Timer.cpp">
      <Filter>90.Engine\00.System\02.Timer</Filter>
    </ClCompile>
    <ClCompile Include="..\Codes\TimeManager.cpp">
      <Filter>90.Engine\00.System\02.Timer\Manager</Filter>
    </ClCompile>
    <ClCompile Include="..\Codes\Frame.cpp">
      <Filter>90.Engine\00.System\03.Frame</Filter>
    </ClCompile>
    <ClCompile Include="..\Codes\FrameManager.cpp">
      <Filter>90.Engine\00.System\03.Frame\Manager</Filter>
    </ClCompile>
    <ClCompile Include="..\Codes\World.cpp">
      <Filter>90.Engine\01.Core\00.World</Filter>
    </ClCompile>
    <ClCompile Include="..\Codes\GameObject.cpp">
      <Filter>23.Object\00.OOD\00.GameObject</Filter>
    </ClCompile>
    <ClCompile Include="..\Codes\Transform_Object.cpp">
      <Filter>24.Component\00.OOD\00.Transform</Filter>
    </ClCompile>
    <ClCompile Include="..\Codes\DynamicMesh_Object.cpp">
      <Filter>24.Component\00.OOD\02.DynamicMesh</Filter>
    </ClCompile>
    <ClCompile Include="..\Codes\HierarchyLoader.cpp">
      <Filter>24.Component\00.OOD\02.DynamicMesh\00.HierarchyLoader</Filter>
    </ClCompile>
    <ClCompile Include="..\Codes\AnimationCtrl.cpp">
      <Filter>24.Component\00.OOD\02.DynamicMesh\01.AnimationCtrl</Filter>
    </ClCompile>
    <ClCompile Include="..\Codes\ComponentManager_Object.cpp">
      <Filter>24.Component\00.OOD\Manager</Filter>
    </ClCompile>
    <ClCompile Include="..\Codes\Renderer_Object.cpp">
      <Filter>24.Component\00.OOD\03.Renderer</Filter>
    </ClCompile>
    <ClCompile Include="..\Codes\World_Object.cpp">
      <Filter>21.World\00.OOD</Filter>
    </ClCompile>
    <ClCompile Include="..\Codes\PipeLine.cpp">
      <Filter>90.Engine\01.Core\10.PipeLine</Filter>
    </ClCompile>
    <ClCompile Include="..\Codes\Bot.cpp">
      <Filter>23.Object\00.OOD\00.GameObject\01.Bot</Filter>
    </ClCompile>
    <ClCompile Include="..\External\DearImgui\imgui.cpp">
      <Filter>External\00.DearImgui</Filter>
    </ClCompile>
    <ClCompile Include="..\External\DearImgui\imgui_impl_dx9.cpp">
      <Filter>External\00.DearImgui</Filter>
    </ClCompile>
    <ClCompile Include="..\External\DearImgui\imgui_impl_win32.cpp">
      <Filter>External\00.DearImgui</Filter>
    </ClCompile>
    <ClCompile Include="..\External\DearImgui\imgui_widgets.cpp">
      <Filter>External\00.DearImgui</Filter>
    </ClCompile>
    <ClCompile Include="..\External\DearImgui\imgui_draw.cpp">
      <Filter>External\00.DearImgui</Filter>
    </ClCompile>
    <ClCompile Include="..\External\DearImgui\imgui_demo.cpp">
      <Filter>External\00.DearImgui</Filter>
    </ClCompile>
    <ClCompile Include="..\Codes\Component_Object.cpp">
      <Filter>24.Component\00.OOD</Filter>
    </ClCompile>
    <ClCompile Include="..\Codes\Player.cpp">
      <Filter>23.Object\00.OOD\00.GameObject\00.Player</Filter>
    </ClCompile>
    <ClCompile Include="..\Codes\CreativeMode.cpp">
      <Filter>30.ModeController\Mode\01. CreativeMode</Filter>
    </ClCompile>
    <ClCompile Include="..\Codes\ModeController.cpp">
      <Filter>30.ModeController</Filter>
    </ClCompile>
    <ClCompile Include="..\Codes\KObject.cpp">
      <Filter>23.Object\00.OOD</Filter>
    </ClCompile>
    <ClCompile Include="..\Codes\StaticMesh_Object.cpp">
      <Filter>24.Component\00.OOD\01.StaticMesh</Filter>
    </ClCompile>
    <ClCompile Include="..\Codes\BlockObj.cpp">
      <Filter>23.Object\00.OOD\00.GameObject\02.BlockObj</Filter>
    </ClCompile>
    <ClCompile Include="..\Codes\GameMode.cpp">
      <Filter>30.ModeController\Mode\00. GameMode</Filter>
    </ClCompile>
    <ClCompile Include="..\Codes\Shader.cpp">
      <Filter>24.Component\00.OOD\04.Shader</Filter>
    </ClCompile>
    <ClCompile Include="..\Codes\Camera.cpp">
      <Filter>31.CameraController\Camera</Filter>
    </ClCompile>
    <ClCompile Include="..\Codes\FreeCamera.cpp">
      <Filter>31.CameraController\Camera\00.FreeCamera</Filter>
    </ClCompile>
    <ClCompile Include="..\Codes\CameraController.cpp">
      <Filter>31.CameraController</Filter>
    </ClCompile>
    <ClCompile Include="..\Codes\InputDevice.cpp">
      <Filter>90.Engine\00.System\01.InputDevice</Filter>
    </ClCompile>
    <ClCompile Include="..\Codes\KeyManager.cpp">
      <Filter>32.KeyManager</Filter>
    </ClCompile>
    <ClCompile Include="..\Codes\NaviMeshData.cpp">
      <Filter>25.NaviMesh</Filter>
    </ClCompile>
    <ClCompile Include="..\Codes\Mode.cpp">
      <Filter>30.ModeController\Mode</Filter>
    </ClCompile>
  </ItemGroup>
  <ItemGroup>
    <ClInclude Include="targetver.h">
      <Filter>99.Default</Filter>
    </ClInclude>
    <ClInclude Include="Client.h">
      <Filter>99.Default</Filter>
    </ClInclude>
    <ClInclude Include="Resource.h">
      <Filter>99.Default</Filter>
    </ClInclude>
    <ClInclude Include="..\Headers\Global.h">
      <Filter>90.Engine\98.Headers</Filter>
    </ClInclude>
    <ClInclude Include="stdafx.h">
      <Filter>99.Default</Filter>
    </ClInclude>
    <ClInclude Include="..\Headers\Base.h">
      <Filter>90.Engine\97.SuperClass\00.Base</Filter>
    </ClInclude>
    <ClInclude Include="..\Headers\MainApp.h">
      <Filter>00.MainApp</Filter>
    </ClInclude>
    <ClInclude Include="..\Headers\Defines.h">
      <Filter>90.Engine\98.Headers</Filter>
    </ClInclude>
    <ClInclude Include="..\Headers\GraphicDevice.h">
      <Filter>90.Engine\00.System\00.GraphicDevice</Filter>
    </ClInclude>
    <ClInclude Include="..\Headers\Macro.h">
      <Filter>90.Engine\98.Headers</Filter>
    </ClInclude>
    <ClInclude Include="..\Headers\Function.h">
      <Filter>90.Engine\98.Headers</Filter>
    </ClInclude>
    <ClInclude Include="..\Headers\SystemManager.h">
      <Filter>90.Engine\00.System</Filter>
    </ClInclude>
    <ClInclude Include="..\Headers\Timer.h">
      <Filter>90.Engine\00.System\02.Timer</Filter>
    </ClInclude>
    <ClInclude Include="..\Headers\TimeManager.h">
      <Filter>90.Engine\00.System\02.Timer\Manager</Filter>
    </ClInclude>
    <ClInclude Include="..\Headers\Typedef.h">
      <Filter>90.Engine\98.Headers</Filter>
    </ClInclude>
    <ClInclude Include="..\Headers\Frame.h">
      <Filter>90.Engine\00.System\03.Frame</Filter>
    </ClInclude>
    <ClInclude Include="..\Headers\FrameManager.h">
      <Filter>90.Engine\00.System\03.Frame\Manager</Filter>
    </ClInclude>
    <ClInclude Include="..\Headers\World.h">
      <Filter>90.Engine\01.Core\00.World</Filter>
    </ClInclude>
    <ClInclude Include="..\Headers\GameObject.h">
      <Filter>23.Object\00.OOD\00.GameObject</Filter>
    </ClInclude>
    <ClInclude Include="..\Headers\Transform_Object.h">
      <Filter>24.Component\00.OOD\00.Transform</Filter>
    </ClInclude>
    <ClInclude Include="..\Headers\DynamicMesh_Object.h">
      <Filter>24.Component\00.OOD\02.DynamicMesh</Filter>
    </ClInclude>
    <ClInclude Include="..\Headers\HierarchyLoader.h">
      <Filter>24.Component\00.OOD\02.DynamicMesh\00.HierarchyLoader</Filter>
    </ClInclude>
    <ClInclude Include="..\Headers\Struct.h">
      <Filter>90.Engine\98.Headers</Filter>
    </ClInclude>
    <ClInclude Include="..\Headers\AnimationCtrl.h">
      <Filter>24.Component\00.OOD\02.DynamicMesh\01.AnimationCtrl</Filter>
    </ClInclude>
    <ClInclude Include="..\Headers\ComponentManager_Object.h">
      <Filter>24.Component\00.OOD\Manager</Filter>
    </ClInclude>
    <ClInclude Include="..\Headers\Renderer_Object.h">
      <Filter>24.Component\00.OOD\03.Renderer</Filter>
    </ClInclude>
    <ClInclude Include="..\Headers\World_Object.h">
      <Filter>21.World\00.OOD</Filter>
    </ClInclude>
    <ClInclude Include="..\Headers\PipeLine.h">
      <Filter>90.Engine\01.Core\10.PipeLine</Filter>
    </ClInclude>
    <ClInclude Include="..\Headers\Bot.h">
      <Filter>23.Object\00.OOD\00.GameObject\01.Bot</Filter>
    </ClInclude>
    <ClInclude Include="..\External\DearImgui\imconfig.h">
      <Filter>External\00.DearImgui</Filter>
    </ClInclude>
    <ClInclude Include="..\External\DearImgui\imgui.h">
      <Filter>External\00.DearImgui</Filter>
    </ClInclude>
    <ClInclude Include="..\External\DearImgui\imgui_impl_dx9.h">
      <Filter>External\00.DearImgui</Filter>
    </ClInclude>
    <ClInclude Include="..\External\DearImgui\imgui_impl_win32.h">
      <Filter>External\00.DearImgui</Filter>
    </ClInclude>
    <ClInclude Include="..\External\DearImgui\imgui_internal.h">
      <Filter>External\00.DearImgui</Filter>
    </ClInclude>
    <ClInclude Include="..\External\DearImgui\imstb_rectpack.h">
      <Filter>External\00.DearImgui</Filter>
    </ClInclude>
    <ClInclude Include="..\External\DearImgui\imstb_textedit.h">
      <Filter>External\00.DearImgui</Filter>
    </ClInclude>
    <ClInclude Include="..\External\DearImgui\imstb_truetype.h">
      <Filter>External\00.DearImgui</Filter>
    </ClInclude>
    <ClInclude Include="..\Headers\Component_Object.h">
      <Filter>24.Component\00.OOD</Filter>
    </ClInclude>
    <ClInclude Include="..\External\easy_profiler\easy\arbitrary_value.h">
      <Filter>External\01.easy_profiler</Filter>
    </ClInclude>
    <ClInclude Include="..\External\easy_profiler\easy\easy_net.h">
      <Filter>External\01.easy_profiler</Filter>
    </ClInclude>
    <ClInclude Include="..\External\easy_profiler\easy\easy_protocol.h">
      <Filter>External\01.easy_profiler</Filter>
    </ClInclude>
    <ClInclude Include="..\External\easy_profiler\easy\easy_socket.h">
      <Filter>External\01.easy_profiler</Filter>
    </ClInclude>
    <ClInclude Include="..\External\easy_profiler\easy\profiler.h">
      <Filter>External\01.easy_profiler</Filter>
    </ClInclude>
    <ClInclude Include="..\External\easy_profiler\easy\reader.h">
      <Filter>External\01.easy_profiler</Filter>
    </ClInclude>
    <ClInclude Include="..\External\easy_profiler\easy\serialized_block.h">
      <Filter>External\01.easy_profiler</Filter>
    </ClInclude>
    <ClInclude Include="..\External\easy_profiler\easy\utility.h">
      <Filter>External\01.easy_profiler</Filter>
    </ClInclude>
    <ClInclude Include="..\External\easy_profiler\easy\writer.h">
      <Filter>External\01.easy_profiler</Filter>
    </ClInclude>
    <ClInclude Include="..\External\easy_profiler\easy\details\arbitrary_value_aux.h">
      <Filter>External\01.easy_profiler\details</Filter>
    </ClInclude>
    <ClInclude Include="..\External\easy_profiler\easy\details\arbitrary_value_public_types.h">
      <Filter>External\01.easy_profiler\details</Filter>
    </ClInclude>
    <ClInclude Include="..\External\easy_profiler\easy\details\easy_compiler_support.h">
      <Filter>External\01.easy_profiler\details</Filter>
    </ClInclude>
    <ClInclude Include="..\External\easy_profiler\easy\details\profiler_aux.h">
      <Filter>External\01.easy_profiler\details</Filter>
    </ClInclude>
    <ClInclude Include="..\External\easy_profiler\easy\details\profiler_colors.h">
      <Filter>External\01.easy_profiler\details</Filter>
    </ClInclude>
    <ClInclude Include="..\External\easy_profiler\easy\details\profiler_in_use.h">
      <Filter>External\01.easy_profiler\details</Filter>
    </ClInclude>
    <ClInclude Include="..\External\easy_profiler\easy\details\profiler_public_types.h">
      <Filter>External\01.easy_profiler\details</Filter>
    </ClInclude>
    <ClInclude Include="..\Headers\Player.h">
      <Filter>23.Object\00.OOD\00.GameObject\00.Player</Filter>
    </ClInclude>
    <ClInclude Include="..\Headers\Client_Defines.h">
      <Filter>98.Headers</Filter>
    </ClInclude>
    <ClInclude Include="..\Headers\CreativeMode.h">
      <Filter>30.ModeController\Mode\01. CreativeMode</Filter>
    </ClInclude>
    <ClInclude Include="..\Headers\ModeController.h">
      <Filter>30.ModeController</Filter>
    </ClInclude>
    <ClInclude Include="..\Headers\KObject.h">
      <Filter>23.Object\00.OOD</Filter>
    </ClInclude>
    <ClInclude Include="..\Headers\StaticMesh_Object.h">
      <Filter>24.Component\00.OOD\01.StaticMesh</Filter>
    </ClInclude>
    <ClInclude Include="..\Headers\BlockObj.h">
      <Filter>23.Object\00.OOD\00.GameObject\02.BlockObj</Filter>
    </ClInclude>
    <ClInclude Include="..\Headers\GameMode.h">
      <Filter>30.ModeController\Mode\00. GameMode</Filter>
    </ClInclude>
    <ClInclude Include="..\Headers\Mode.h">
      <Filter>30.ModeController\Mode</Filter>
    </ClInclude>
    <ClInclude Include="..\Headers\Shader.h">
      <Filter>24.Component\00.OOD\04.Shader</Filter>
    </ClInclude>
    <ClInclude Include="..\Headers\Camera.h">
      <Filter>31.CameraController\Camera</Filter>
    </ClInclude>
    <ClInclude Include="..\Headers\CameraController.h">
      <Filter>31.CameraController</Filter>
    </ClInclude>
    <ClInclude Include="..\Headers\FreeCamera.h">
      <Filter>31.CameraController\Camera\00.FreeCamera</Filter>
    </ClInclude>
    <ClInclude Include="..\Headers\InputDevice.h">
      <Filter>90.Engine\00.System\01.InputDevice</Filter>
    </ClInclude>
    <ClInclude Include="..\Headers\KeyManager.h">
      <Filter>32.KeyManager</Filter>
    </ClInclude>
    <ClInclude Include="..\Headers\NaviMeshData.h">
      <Filter>25.NaviMesh</Filter>
    </ClInclude>
  </ItemGroup>
  <ItemGroup>
    <Text Include="ReadMe.txt">
      <Filter>99.Default</Filter>
    </Text>
  </ItemGroup>
  <ItemGroup>
    <FxCompile Include="..\Shader\HardwareSkinning.fx">
      <Filter>97.Shader</Filter>
    </FxCompile>
    <FxCompile Include="..\Shader\HardwareInstancing.fx">
      <Filter>97.Shader</Filter>
    </FxCompile>
    <FxCompile Include="..\Shader\MeshRender.fx">
      <Filter>97.Shader</Filter>
    </FxCompile>
    <FxCompile Include="..\Shader\SelectedMeshRender.fx">
      <Filter>97.Shader</Filter>
    </FxCompile>
    <FxCompile Include="..\Shader\NaviMesh.fx">
      <Filter>97.Shader</Filter>
    </FxCompile>
  </ItemGroup>
</Project>